
Microsoft Visual Studio Solution File, Format Version 12.00
Project("{2150E333-8FDC-42A3-9474-1A3956D46DE8}") = "1.SolutionFolder", "1.SolutionFolder", "{9BED978F-1725-49FE-87CE-3425774DBF17}"
EndProject
Project("{2150E333-8FDC-42A3-9474-1A3956D46DE8}") = "2.Helpers", "2.Helpers", "{DDA34C74-F49F-4327-B422-DC27E64D1255}"
EndProject
Project("{FAE04EC0-301F-11D3-BF4B-00C04F79EFBC}") = "TempMail.Api", "TempMail.Api\TempMail.Api.csproj", "{0560B7EB-004F-495C-AC4D-CA51E115D983}"
EndProject
Project("{FAE04EC0-301F-11D3-BF4B-00C04F79EFBC}") = "TempMail.Application", "TempMail.Application\TempMail.Application.csproj", "{76465447-A5F0-4D17-81F0-FE25B9DE6F17}"
EndProject
Project("{FAE04EC0-301F-11D3-BF4B-00C04F79EFBC}") = "TempMail.Contracts", "TempMail.Contracts\TempMail.Contracts.csproj", "{7BD44002-0BE4-416F-BE3E-AA4B1FE52DE9}"
EndProject
Global
	GlobalSection(SolutionConfigurationPlatforms) = preSolution
		Debug|Any CPU = Debug|Any CPU
		Release|Any CPU = Release|Any CPU
	EndGlobalSection
	GlobalSection(NestedProjects) = preSolution
		{0560B7EB-004F-495C-AC4D-CA51E115D983} = {9BED978F-1725-49FE-87CE-3425774DBF17}
		{76465447-A5F0-4D17-81F0-FE25B9DE6F17} = {9BED978F-1725-49FE-87CE-3425774DBF17}
		{7BD44002-0BE4-416F-BE3E-AA4B1FE52DE9} = {9BED978F-1725-49FE-87CE-3425774DBF17}
	EndGlobalSection
	GlobalSection(ProjectConfigurationPlatforms) = postSolution
		{0560B7EB-004F-495C-AC4D-CA51E115D983}.Debug|Any CPU.ActiveCfg = Debug|Any CPU
		{0560B7EB-004F-495C-AC4D-CA51E115D983}.Debug|Any CPU.Build.0 = Debug|Any CPU
		{0560B7EB-004F-495C-AC4D-CA51E115D983}.Release|Any CPU.ActiveCfg = Release|Any CPU
		{0560B7EB-004F-495C-AC4D-CA51E115D983}.Release|Any CPU.Build.0 = Release|Any CPU
		{76465447-A5F0-4D17-81F0-FE25B9DE6F17}.Debug|Any CPU.ActiveCfg = Debug|Any CPU
		{76465447-A5F0-4D17-81F0-FE25B9DE6F17}.Debug|Any CPU.Build.0 = Debug|Any CPU
		{76465447-A5F0-4D17-81F0-FE25B9DE6F17}.Release|Any CPU.ActiveCfg = Release|Any CPU
		{76465447-A5F0-4D17-81F0-FE25B9DE6F17}.Release|Any CPU.Build.0 = Release|Any CPU
		{7BD44002-0BE4-416F-BE3E-AA4B1FE52DE9}.Debug|Any CPU.ActiveCfg = Debug|Any CPU
		{7BD44002-0BE4-416F-BE3E-AA4B1FE52DE9}.Debug|Any CPU.Build.0 = Debug|Any CPU
		{7BD44002-0BE4-416F-BE3E-AA4B1FE52DE9}.Release|Any CPU.ActiveCfg = Release|Any CPU
		{7BD44002-0BE4-416F-BE3E-AA4B1FE52DE9}.Release|Any CPU.Build.0 = Release|Any CPU
	EndGlobalSection
EndGlobal
